<Solution>
  <Project Path="AnalyticsPlugin/AnalyticsPlugin.csproj" Id="56af481c-aedc-4138-ba30-c5b84c77714e" />
  <Project Path="CommandLib/CommandLib.csproj" Id="634d3121-4847-487c-a22d-7362c5e7f8b1" />
  <Project Path="DataBasePlugin/DataBasePlugin.csproj" Id="6baeb65e-12be-4bf9-a7c8-c31decd6a4cc" />
  <Project Path="PlaginSystem.App.Tests/PlaginSystem.App.Tests.csproj" Id="3fabf5af-d1b4-457c-85f9-ce004f514c1e" />
  <Project Path="PluginSystem.App/PluginSystem.App.csproj" Id="ee230e2f-2192-4bef-8c24-d1261aee38ef" />
</Solution>
